
Microsoft Visual Studio Solution File, Format Version 12.00
# Visual Studio Version 17
VisualStudioVersion = 17.6.33723.286
MinimumVisualStudioVersion = 10.0.40219.1
Project("{FAE04EC0-301F-11D3-BF4B-00C04F79EFBC}") = "OpenCLAI", "OpenCLAI.csproj", "{753D772E-7C1C-4839-99DE-FF6C212C156B}"
EndProject
Global
	GlobalSection(SolutionConfigurationPlatforms) = preSolution
		Debug|Any CPU = Debug|Any CPU
		Release|Any CPU = Release|Any CPU
	EndGlobalSection
	GlobalSection(ProjectConfigurationPlatforms) = postSolution
		{753D772E-7C1C-4839-99DE-FF6C212C156B}.Debug|Any CPU.ActiveCfg = Debug|Any CPU
		{753D772E-7C1C-4839-99DE-FF6C212C156B}.Debug|Any CPU.Build.0 = Debug|Any CPU
		{753D772E-7C1C-4839-99DE-FF6C212C156B}.Release|Any CPU.ActiveCfg = Release|Any CPU
		{753D772E-7C1C-4839-99DE-FF6C212C156B}.Release|Any CPU.Build.0 = Release|Any CPU
	EndGlobalSection
	GlobalSection(SolutionProperties) = preSolution
		HideSolutionNode = FALSE
	EndGlobalSection
	GlobalSection(ExtensibilityGlobals) = postSolution
		SolutionGuid = {36E8F0A7-CF28-4C05-B05B-30B9AF8DA159}
	EndGlobalSection
EndGlobal
